// !$*UTF8*$!
{
	archiveVersion = 1;
	classes = {
	};
	objectVersion = 51;
	objects = {

/* Begin PBXBuildFile section */
		3D08D4CC231687530093A577 /* DisclaimerViewController.swift in Sources */ = {isa = PBXBuildFile; fileRef = 3D08D4CB231687530093A577 /* DisclaimerViewController.swift */; };
		3D859DD123104F700014AD2B /* ConnectViewController.swift in Sources */ = {isa = PBXBuildFile; fileRef = 3D859DD023104F700014AD2B /* ConnectViewController.swift */; };
		3D859DD3231074240014AD2B /* TrackingViewController.swift in Sources */ = {isa = PBXBuildFile; fileRef = 3D859DD2231074240014AD2B /* TrackingViewController.swift */; };
		3D859DD7231082670014AD2B /* Charts.framework in Frameworks */ = {isa = PBXBuildFile; fileRef = 3D859DD6231082670014AD2B /* Charts.framework */; };
		3D859DDD231288340014AD2B /* MainNavicationViewController.swift in Sources */ = {isa = PBXBuildFile; fileRef = 3D859DDC231288340014AD2B /* MainNavicationViewController.swift */; };
		3DA734B923087F1200B300FD /* CardioTrackerTests.swift in Sources */ = {isa = PBXBuildFile; fileRef = 3DA734B823087F1200B300FD /* CardioTrackerTests.swift */; };
		3DDA005B22F24C25005C23B3 /* AppDelegate.swift in Sources */ = {isa = PBXBuildFile; fileRef = 3DDA005A22F24C25005C23B3 /* AppDelegate.swift */; };
		3DDA005D22F24C25005C23B3 /* WelcomeViewController.swift in Sources */ = {isa = PBXBuildFile; fileRef = 3DDA005C22F24C25005C23B3 /* WelcomeViewController.swift */; };
		3DDA006022F24C25005C23B3 /* Main.storyboard in Resources */ = {isa = PBXBuildFile; fileRef = 3DDA005E22F24C25005C23B3 /* Main.storyboard */; };
		3DDA006222F24C26005C23B3 /* Assets.xcassets in Resources */ = {isa = PBXBuildFile; fileRef = 3DDA006122F24C26005C23B3 /* Assets.xcassets */; };
		3DDA006522F24C26005C23B3 /* LaunchScreen.storyboard in Resources */ = {isa = PBXBuildFile; fileRef = 3DDA006322F24C26005C23B3 /* LaunchScreen.storyboard */; };
		3DDA007722F2DBF9005C23B3 /* SF-Compact-Display-Light.otf in Resources */ = {isa = PBXBuildFile; fileRef = 3DDA007222F2D615005C23B3 /* SF-Compact-Display-Light.otf */; };
		3DDA007822F2DBFB005C23B3 /* SF-Compact-Display-Medium.otf in Resources */ = {isa = PBXBuildFile; fileRef = 3DDA007022F2D615005C23B3 /* SF-Compact-Display-Medium.otf */; };
		3DDA007922F2DBFD005C23B3 /* SF-Compact-Display-Semibold.otf in Resources */ = {isa = PBXBuildFile; fileRef = 3DDA007122F2D615005C23B3 /* SF-Compact-Display-Semibold.otf */; };
		3DDA007D22F33D11005C23B3 /* Default-568h@2x.png in Resources */ = {isa = PBXBuildFile; fileRef = 3DDA007C22F33D10005C23B3 /* Default-568h@2x.png */; };
		3DDA007F22F42897005C23B3 /* GenderViewController.swift in Sources */ = {isa = PBXBuildFile; fileRef = 3DDA007E22F42897005C23B3 /* GenderViewController.swift */; };
		3DDA008122F454D7005C23B3 /* AgeViewController.swift in Sources */ = {isa = PBXBuildFile; fileRef = 3DDA008022F454D7005C23B3 /* AgeViewController.swift */; };
		3DDA008322F87272005C23B3 /* EthnicityViewController.swift in Sources */ = {isa = PBXBuildFile; fileRef = 3DDA008222F87272005C23B3 /* EthnicityViewController.swift */; };
		3DDA008522F99291005C23B3 /* SmokingViewController.swift in Sources */ = {isa = PBXBuildFile; fileRef = 3DDA008422F99291005C23B3 /* SmokingViewController.swift */; };
		3DDA008722F9A700005C23B3 /* DiabetesViewController.swift in Sources */ = {isa = PBXBuildFile; fileRef = 3DDA008622F9A700005C23B3 /* DiabetesViewController.swift */; };
		3DDB609422F9B52400B5156A /* FamHistoryViewController.swift in Sources */ = {isa = PBXBuildFile; fileRef = 3DDB609322F9B52400B5156A /* FamHistoryViewController.swift */; };
		3DDB609622FAC7AD00B5156A /* ConditionsViewController.swift in Sources */ = {isa = PBXBuildFile; fileRef = 3DDB609522FAC7AD00B5156A /* ConditionsViewController.swift */; };
		3DDB609822FADE7800B5156A /* MedicationViewController.swift in Sources */ = {isa = PBXBuildFile; fileRef = 3DDB609722FADE7800B5156A /* MedicationViewController.swift */; };
		3DDB609A22FAE75C00B5156A /* CholesterolViewController.swift in Sources */ = {isa = PBXBuildFile; fileRef = 3DDB609922FAE75C00B5156A /* CholesterolViewController.swift */; };
		3DDB609C22FAFBEF00B5156A /* UnknownCholesterolViewController.swift in Sources */ = {isa = PBXBuildFile; fileRef = 3DDB609B22FAFBEF00B5156A /* UnknownCholesterolViewController.swift */; };
		3DDB609E22FB022D00B5156A /* SystolicBpViewController.swift in Sources */ = {isa = PBXBuildFile; fileRef = 3DDB609D22FB022D00B5156A /* SystolicBpViewController.swift */; };
		3DDB60A022FB073C00B5156A /* UnknownSystolicBpViewController.swift in Sources */ = {isa = PBXBuildFile; fileRef = 3DDB609F22FB073C00B5156A /* UnknownSystolicBpViewController.swift */; };
		3DDB60A222FB074B00B5156A /* BmiIndexViewController.swift in Sources */ = {isa = PBXBuildFile; fileRef = 3DDB60A122FB074B00B5156A /* BmiIndexViewController.swift */; };
		3DDB60A422FCDB3800B5156A /* RiskDataManager.swift in Sources */ = {isa = PBXBuildFile; fileRef = 3DDB60A322FCDB3800B5156A /* RiskDataManager.swift */; };
		3DDB60A722FCE24300B5156A /* SukhumvitSet-Light.ttf in Resources */ = {isa = PBXBuildFile; fileRef = 3DDB60A522FCE24200B5156A /* SukhumvitSet-Light.ttf */; };
		3DDB60A822FCE24300B5156A /* SukhumvitSet-SemiBol.ttf in Resources */ = {isa = PBXBuildFile; fileRef = 3DDB60A622FCE24300B5156A /* SukhumvitSet-SemiBol.ttf */; };
		3DDB60AA22FD7A4300B5156A /* CalculatedRiskViewController.swift in Sources */ = {isa = PBXBuildFile; fileRef = 3DDB60A922FD7A4300B5156A /* CalculatedRiskViewController.swift */; };
		3DFBBAEC230A9FDB0003FC39 /* HealthKit.framework in Frameworks */ = {isa = PBXBuildFile; fileRef = 3DFBBAEB230A9FDB0003FC39 /* HealthKit.framework */; };
		3DFBBAEF230AB5820003FC39 /* HealthKitSetupAssistant.swift in Sources */ = {isa = PBXBuildFile; fileRef = 3DFBBAEE230AB5820003FC39 /* HealthKitSetupAssistant.swift */; };
		3DFBBAF5230AD08D0003FC39 /* ProfileDataStore.swift in Sources */ = {isa = PBXBuildFile; fileRef = 3DFBBAF4230AD08D0003FC39 /* ProfileDataStore.swift */; };
		3DFBBAFA230B0C910003FC39 /* UserHealthProfile.swift in Sources */ = {isa = PBXBuildFile; fileRef = 3DFBBAF9230B0C910003FC39 /* UserHealthProfile.swift */; };
		3DFBBAFC230B4C4D0003FC39 /* ProfileViewController.swift in Sources */ = {isa = PBXBuildFile; fileRef = 3DFBBAFB230B4C4D0003FC39 /* ProfileViewController.swift */; };
		4E50BC04DC0B8145D49ED0AF /* Pods_CardioTrackerTests.framework in Frameworks */ = {isa = PBXBuildFile; fileRef = F14F8296E40353E32D607AEF /* Pods_CardioTrackerTests.framework */; };
		A99B5EA16E62796DED30D090 /* Pods_CardioTracker.framework in Frameworks */ = {isa = PBXBuildFile; fileRef = DD9D37751D4FB4B4734CADA3 /* Pods_CardioTracker.framework */; };
/* End PBXBuildFile section */

/* Begin PBXContainerItemProxy section */
		3DA734BB23087F1200B300FD /* PBXContainerItemProxy */ = {
			isa = PBXContainerItemProxy;
			containerPortal = 3DDA004F22F24C25005C23B3 /* Project object */;
			proxyType = 1;
			remoteGlobalIDString = 3DDA005622F24C25005C23B3;
			remoteInfo = CardioTracker;
		};
/* End PBXContainerItemProxy section */

/* Begin PBXFileReference section */
		3D08D4CB231687530093A577 /* DisclaimerViewController.swift */ = {isa = PBXFileReference; lastKnownFileType = sourcecode.swift; path = DisclaimerViewController.swift; sourceTree = "<group>"; };
		3D859DD023104F700014AD2B /* ConnectViewController.swift */ = {isa = PBXFileReference; lastKnownFileType = sourcecode.swift; path = ConnectViewController.swift; sourceTree = "<group>"; };
		3D859DD2231074240014AD2B /* TrackingViewController.swift */ = {isa = PBXFileReference; lastKnownFileType = sourcecode.swift; path = TrackingViewController.swift; sourceTree = "<group>"; };
		3D859DD4231081FD0014AD2B /* Charts.framework */ = {isa = PBXFileReference; explicitFileType = wrapper.framework; path = Charts.framework; sourceTree = BUILT_PRODUCTS_DIR; };
		3D859DD6231082670014AD2B /* Charts.framework */ = {isa = PBXFileReference; explicitFileType = wrapper.framework; path = Charts.framework; sourceTree = BUILT_PRODUCTS_DIR; };
		3D859DDC231288340014AD2B /* MainNavicationViewController.swift */ = {isa = PBXFileReference; lastKnownFileType = sourcecode.swift; path = MainNavicationViewController.swift; sourceTree = "<group>"; };
		3DA734B623087F1200B300FD /* CardioTrackerTests.xctest */ = {isa = PBXFileReference; explicitFileType = wrapper.cfbundle; includeInIndex = 0; path = CardioTrackerTests.xctest; sourceTree = BUILT_PRODUCTS_DIR; };
		3DA734B823087F1200B300FD /* CardioTrackerTests.swift */ = {isa = PBXFileReference; lastKnownFileType = sourcecode.swift; path = CardioTrackerTests.swift; sourceTree = "<group>"; };
		3DA734BA23087F1200B300FD /* Info.plist */ = {isa = PBXFileReference; lastKnownFileType = text.plist.xml; path = Info.plist; sourceTree = "<group>"; };
		3DDA005722F24C25005C23B3 /* CardioTracker.app */ = {isa = PBXFileReference; explicitFileType = wrapper.application; includeInIndex = 0; path = CardioTracker.app; sourceTree = BUILT_PRODUCTS_DIR; };
		3DDA005A22F24C25005C23B3 /* AppDelegate.swift */ = {isa = PBXFileReference; lastKnownFileType = sourcecode.swift; path = AppDelegate.swift; sourceTree = "<group>"; };
		3DDA005C22F24C25005C23B3 /* WelcomeViewController.swift */ = {isa = PBXFileReference; lastKnownFileType = sourcecode.swift; path = WelcomeViewController.swift; sourceTree = "<group>"; };
		3DDA005F22F24C25005C23B3 /* Base */ = {isa = PBXFileReference; lastKnownFileType = file.storyboard; name = Base; path = Base.lproj/Main.storyboard; sourceTree = "<group>"; };
		3DDA006122F24C26005C23B3 /* Assets.xcassets */ = {isa = PBXFileReference; lastKnownFileType = folder.assetcatalog; path = Assets.xcassets; sourceTree = "<group>"; };
		3DDA006422F24C26005C23B3 /* Base */ = {isa = PBXFileReference; lastKnownFileType = file.storyboard; name = Base; path = Base.lproj/LaunchScreen.storyboard; sourceTree = "<group>"; };
		3DDA006622F24C26005C23B3 /* Info.plist */ = {isa = PBXFileReference; lastKnownFileType = text.plist.xml; path = Info.plist; sourceTree = "<group>"; };
		3DDA007022F2D615005C23B3 /* SF-Compact-Display-Medium.otf */ = {isa = PBXFileReference; lastKnownFileType = file; path = "SF-Compact-Display-Medium.otf"; sourceTree = "<group>"; };
		3DDA007122F2D615005C23B3 /* SF-Compact-Display-Semibold.otf */ = {isa = PBXFileReference; lastKnownFileType = file; path = "SF-Compact-Display-Semibold.otf"; sourceTree = "<group>"; };
		3DDA007222F2D615005C23B3 /* SF-Compact-Display-Light.otf */ = {isa = PBXFileReference; lastKnownFileType = file; path = "SF-Compact-Display-Light.otf"; sourceTree = "<group>"; };
		3DDA007C22F33D10005C23B3 /* Default-568h@2x.png */ = {isa = PBXFileReference; lastKnownFileType = image.png; path = "Default-568h@2x.png"; sourceTree = "<group>"; };
		3DDA007E22F42897005C23B3 /* GenderViewController.swift */ = {isa = PBXFileReference; lastKnownFileType = sourcecode.swift; path = GenderViewController.swift; sourceTree = "<group>"; };
		3DDA008022F454D7005C23B3 /* AgeViewController.swift */ = {isa = PBXFileReference; lastKnownFileType = sourcecode.swift; path = AgeViewController.swift; sourceTree = "<group>"; };
		3DDA008222F87272005C23B3 /* EthnicityViewController.swift */ = {isa = PBXFileReference; lastKnownFileType = sourcecode.swift; path = EthnicityViewController.swift; sourceTree = "<group>"; };
		3DDA008422F99291005C23B3 /* SmokingViewController.swift */ = {isa = PBXFileReference; lastKnownFileType = sourcecode.swift; path = SmokingViewController.swift; sourceTree = "<group>"; };
		3DDA008622F9A700005C23B3 /* DiabetesViewController.swift */ = {isa = PBXFileReference; lastKnownFileType = sourcecode.swift; path = DiabetesViewController.swift; sourceTree = "<group>"; };
		3DDB609322F9B52400B5156A /* FamHistoryViewController.swift */ = {isa = PBXFileReference; lastKnownFileType = sourcecode.swift; path = FamHistoryViewController.swift; sourceTree = "<group>"; };
		3DDB609522FAC7AD00B5156A /* ConditionsViewController.swift */ = {isa = PBXFileReference; lastKnownFileType = sourcecode.swift; path = ConditionsViewController.swift; sourceTree = "<group>"; };
		3DDB609722FADE7800B5156A /* MedicationViewController.swift */ = {isa = PBXFileReference; lastKnownFileType = sourcecode.swift; path = MedicationViewController.swift; sourceTree = "<group>"; };
		3DDB609922FAE75C00B5156A /* CholesterolViewController.swift */ = {isa = PBXFileReference; lastKnownFileType = sourcecode.swift; path = CholesterolViewController.swift; sourceTree = "<group>"; };
		3DDB609B22FAFBEF00B5156A /* UnknownCholesterolViewController.swift */ = {isa = PBXFileReference; lastKnownFileType = sourcecode.swift; path = UnknownCholesterolViewController.swift; sourceTree = "<group>"; };
		3DDB609D22FB022D00B5156A /* SystolicBpViewController.swift */ = {isa = PBXFileReference; lastKnownFileType = sourcecode.swift; path = SystolicBpViewController.swift; sourceTree = "<group>"; };
		3DDB609F22FB073C00B5156A /* UnknownSystolicBpViewController.swift */ = {isa = PBXFileReference; lastKnownFileType = sourcecode.swift; path = UnknownSystolicBpViewController.swift; sourceTree = "<group>"; };
		3DDB60A122FB074B00B5156A /* BmiIndexViewController.swift */ = {isa = PBXFileReference; lastKnownFileType = sourcecode.swift; path = BmiIndexViewController.swift; sourceTree = "<group>"; };
		3DDB60A322FCDB3800B5156A /* RiskDataManager.swift */ = {isa = PBXFileReference; lastKnownFileType = sourcecode.swift; name = RiskDataManager.swift; path = "View Controllers/RiskDataManager.swift"; sourceTree = "<group>"; };
		3DDB60A522FCE24200B5156A /* SukhumvitSet-Light.ttf */ = {isa = PBXFileReference; lastKnownFileType = file; path = "SukhumvitSet-Light.ttf"; sourceTree = "<group>"; };
		3DDB60A622FCE24300B5156A /* SukhumvitSet-SemiBol.ttf */ = {isa = PBXFileReference; lastKnownFileType = file; path = "SukhumvitSet-SemiBol.ttf"; sourceTree = "<group>"; };
		3DDB60A922FD7A4300B5156A /* CalculatedRiskViewController.swift */ = {isa = PBXFileReference; lastKnownFileType = sourcecode.swift; path = CalculatedRiskViewController.swift; sourceTree = "<group>"; };
		3DFBBAEB230A9FDB0003FC39 /* HealthKit.framework */ = {isa = PBXFileReference; lastKnownFileType = wrapper.framework; name = HealthKit.framework; path = System/Library/Frameworks/HealthKit.framework; sourceTree = SDKROOT; };
		3DFBBAED230A9FDB0003FC39 /* CardioTracker.entitlements */ = {isa = PBXFileReference; lastKnownFileType = text.plist.entitlements; path = CardioTracker.entitlements; sourceTree = "<group>"; };
		3DFBBAEE230AB5820003FC39 /* HealthKitSetupAssistant.swift */ = {isa = PBXFileReference; lastKnownFileType = sourcecode.swift; name = HealthKitSetupAssistant.swift; path = "View Controllers/HealthKitSetupAssistant.swift"; sourceTree = "<group>"; };
		3DFBBAF4230AD08D0003FC39 /* ProfileDataStore.swift */ = {isa = PBXFileReference; lastKnownFileType = sourcecode.swift; path = ProfileDataStore.swift; sourceTree = "<group>"; };
		3DFBBAF9230B0C910003FC39 /* UserHealthProfile.swift */ = {isa = PBXFileReference; lastKnownFileType = sourcecode.swift; path = UserHealthProfile.swift; sourceTree = "<group>"; };
		3DFBBAFB230B4C4D0003FC39 /* ProfileViewController.swift */ = {isa = PBXFileReference; lastKnownFileType = sourcecode.swift; path = ProfileViewController.swift; sourceTree = "<group>"; };
		5E296106A1824ACE7A7E82B5 /* Pods-CardioTracker.release.xcconfig */ = {isa = PBXFileReference; includeInIndex = 1; lastKnownFileType = text.xcconfig; name = "Pods-CardioTracker.release.xcconfig"; path = "Target Support Files/Pods-CardioTracker/Pods-CardioTracker.release.xcconfig"; sourceTree = "<group>"; };
		B346DBCEDB5EDEF9C432E945 /* Pods-CardioTrackerTests.release.xcconfig */ = {isa = PBXFileReference; includeInIndex = 1; lastKnownFileType = text.xcconfig; name = "Pods-CardioTrackerTests.release.xcconfig"; path = "Target Support Files/Pods-CardioTrackerTests/Pods-CardioTrackerTests.release.xcconfig"; sourceTree = "<group>"; };
		DD9D37751D4FB4B4734CADA3 /* Pods_CardioTracker.framework */ = {isa = PBXFileReference; explicitFileType = wrapper.framework; includeInIndex = 0; path = Pods_CardioTracker.framework; sourceTree = BUILT_PRODUCTS_DIR; };
		F14F8296E40353E32D607AEF /* Pods_CardioTrackerTests.framework */ = {isa = PBXFileReference; explicitFileType = wrapper.framework; includeInIndex = 0; path = Pods_CardioTrackerTests.framework; sourceTree = BUILT_PRODUCTS_DIR; };
		F156480CE7544A279F480731 /* Pods-CardioTrackerTests.debug.xcconfig */ = {isa = PBXFileReference; includeInIndex = 1; lastKnownFileType = text.xcconfig; name = "Pods-CardioTrackerTests.debug.xcconfig"; path = "Target Support Files/Pods-CardioTrackerTests/Pods-CardioTrackerTests.debug.xcconfig"; sourceTree = "<group>"; };
		F97906D0DF8D6BDFD891F95E /* Pods-CardioTracker.debug.xcconfig */ = {isa = PBXFileReference; includeInIndex = 1; lastKnownFileType = text.xcconfig; name = "Pods-CardioTracker.debug.xcconfig"; path = "Target Support Files/Pods-CardioTracker/Pods-CardioTracker.debug.xcconfig"; sourceTree = "<group>"; };
/* End PBXFileReference section */

/* Begin PBXFrameworksBuildPhase section */
		3DA734B323087F1200B300FD /* Frameworks */ = {
			isa = PBXFrameworksBuildPhase;
			buildActionMask = 2147483647;
			files = (
				4E50BC04DC0B8145D49ED0AF /* Pods_CardioTrackerTests.framework in Frameworks */,
			);
			runOnlyForDeploymentPostprocessing = 0;
		};
		3DDA005422F24C25005C23B3 /* Frameworks */ = {
			isa = PBXFrameworksBuildPhase;
			buildActionMask = 2147483647;
			files = (
				3D859DD7231082670014AD2B /* Charts.framework in Frameworks */,
				3DFBBAEC230A9FDB0003FC39 /* HealthKit.framework in Frameworks */,
				A99B5EA16E62796DED30D090 /* Pods_CardioTracker.framework in Frameworks */,
			);
			runOnlyForDeploymentPostprocessing = 0;
		};
/* End PBXFrameworksBuildPhase section */

/* Begin PBXGroup section */
		3DA734B723087F1200B300FD /* CardioTrackerTests */ = {
			isa = PBXGroup;
			children = (
				3DA734B823087F1200B300FD /* CardioTrackerTests.swift */,
				3DA734BA23087F1200B300FD /* Info.plist */,
			);
			path = CardioTrackerTests;
			sourceTree = "<group>";
		};
		3DDA004E22F24C25005C23B3 = {
			isa = PBXGroup;
			children = (
				3DDA007C22F33D10005C23B3 /* Default-568h@2x.png */,
				3DDA005922F24C25005C23B3 /* CardioTracker */,
				3DA734B723087F1200B300FD /* CardioTrackerTests */,
				3DDA005822F24C25005C23B3 /* Products */,
				3DDA006F22F2D60E005C23B3 /* Fonts */,
				3DFBBAEA230A9FDB0003FC39 /* Frameworks */,
				8CB3405F3E5B32B9E6F9E869 /* Pods */,
			);
			sourceTree = "<group>";
		};
		3DDA005822F24C25005C23B3 /* Products */ = {
			isa = PBXGroup;
			children = (
				3DDA005722F24C25005C23B3 /* CardioTracker.app */,
				3DA734B623087F1200B300FD /* CardioTrackerTests.xctest */,
			);
			name = Products;
			sourceTree = "<group>";
		};
		3DDA005922F24C25005C23B3 /* CardioTracker */ = {
			isa = PBXGroup;
			children = (
				3DFBBAED230A9FDB0003FC39 /* CardioTracker.entitlements */,
				3DDA006322F24C26005C23B3 /* LaunchScreen.storyboard */,
				3DDA006622F24C26005C23B3 /* Info.plist */,
				3DDA006122F24C26005C23B3 /* Assets.xcassets */,
				3DDB60A322FCDB3800B5156A /* RiskDataManager.swift */,
				3DFBBAEE230AB5820003FC39 /* HealthKitSetupAssistant.swift */,
				3DFBBAF4230AD08D0003FC39 /* ProfileDataStore.swift */,
				3DFBBAF9230B0C910003FC39 /* UserHealthProfile.swift */,
				3DDA007A22F3080E005C23B3 /* View Controllers */,
				3DDA005A22F24C25005C23B3 /* AppDelegate.swift */,
				3DDA005E22F24C25005C23B3 /* Main.storyboard */,
			);
			path = CardioTracker;
			sourceTree = "<group>";
		};
		3DDA006F22F2D60E005C23B3 /* Fonts */ = {
			isa = PBXGroup;
			children = (
				3DDB60A522FCE24200B5156A /* SukhumvitSet-Light.ttf */,
				3DDB60A622FCE24300B5156A /* SukhumvitSet-SemiBol.ttf */,
				3DDA007222F2D615005C23B3 /* SF-Compact-Display-Light.otf */,
				3DDA007022F2D615005C23B3 /* SF-Compact-Display-Medium.otf */,
				3DDA007122F2D615005C23B3 /* SF-Compact-Display-Semibold.otf */,
			);
			path = Fonts;
			sourceTree = "<group>";
		};
		3DDA007A22F3080E005C23B3 /* View Controllers */ = {
			isa = PBXGroup;
			children = (
				3DDA005C22F24C25005C23B3 /* WelcomeViewController.swift */,
				3D859DD023104F700014AD2B /* ConnectViewController.swift */,
				3DDA007E22F42897005C23B3 /* GenderViewController.swift */,
				3DDA008022F454D7005C23B3 /* AgeViewController.swift */,
				3DDA008222F87272005C23B3 /* EthnicityViewController.swift */,
				3DDA008422F99291005C23B3 /* SmokingViewController.swift */,
				3DDA008622F9A700005C23B3 /* DiabetesViewController.swift */,
				3DDB609322F9B52400B5156A /* FamHistoryViewController.swift */,
				3DDB609522FAC7AD00B5156A /* ConditionsViewController.swift */,
				3DDB609722FADE7800B5156A /* MedicationViewController.swift */,
				3DDB609922FAE75C00B5156A /* CholesterolViewController.swift */,
				3DDB609B22FAFBEF00B5156A /* UnknownCholesterolViewController.swift */,
				3DDB609D22FB022D00B5156A /* SystolicBpViewController.swift */,
				3DDB609F22FB073C00B5156A /* UnknownSystolicBpViewController.swift */,
				3DDB60A122FB074B00B5156A /* BmiIndexViewController.swift */,
				3DDB60A922FD7A4300B5156A /* CalculatedRiskViewController.swift */,
				3D859DD2231074240014AD2B /* TrackingViewController.swift */,
				3DFBBAFB230B4C4D0003FC39 /* ProfileViewController.swift */,
				3D08D4CB231687530093A577 /* DisclaimerViewController.swift */,
				3D859DDC231288340014AD2B /* MainNavicationViewController.swift */,
			);
			path = "View Controllers";
			sourceTree = "<group>";
		};
		3DFBBAEA230A9FDB0003FC39 /* Frameworks */ = {
			isa = PBXGroup;
			children = (
				3D859DD6231082670014AD2B /* Charts.framework */,
				3D859DD4231081FD0014AD2B /* Charts.framework */,
				3DFBBAEB230A9FDB0003FC39 /* HealthKit.framework */,
				DD9D37751D4FB4B4734CADA3 /* Pods_CardioTracker.framework */,
				F14F8296E40353E32D607AEF /* Pods_CardioTrackerTests.framework */,
			);
			name = Frameworks;
			sourceTree = "<group>";
		};
		8CB3405F3E5B32B9E6F9E869 /* Pods */ = {
			isa = PBXGroup;
			children = (
				F97906D0DF8D6BDFD891F95E /* Pods-CardioTracker.debug.xcconfig */,
				5E296106A1824ACE7A7E82B5 /* Pods-CardioTracker.release.xcconfig */,
				F156480CE7544A279F480731 /* Pods-CardioTrackerTests.debug.xcconfig */,
				B346DBCEDB5EDEF9C432E945 /* Pods-CardioTrackerTests.release.xcconfig */,
			);
			path = Pods;
			sourceTree = "<group>";
		};
/* End PBXGroup section */

/* Begin PBXNativeTarget section */
		3DA734B523087F1200B300FD /* CardioTrackerTests */ = {
			isa = PBXNativeTarget;
			buildConfigurationList = 3DA734BF23087F1200B300FD /* Build configuration list for PBXNativeTarget "CardioTrackerTests" */;
			buildPhases = (
				FC46B77FD815F76716B09FB7 /* [CP] Check Pods Manifest.lock */,
				3DA734B223087F1200B300FD /* Sources */,
				3DA734B323087F1200B300FD /* Frameworks */,
				3DA734B423087F1200B300FD /* Resources */,
				B11439AAA5EF687A6BB31B80 /* [CP] Embed Pods Frameworks */,
			);
			buildRules = (
			);
			dependencies = (
				3DA734BC23087F1200B300FD /* PBXTargetDependency */,
			);
			name = CardioTrackerTests;
			productName = CardioTrackerTests;
			productReference = 3DA734B623087F1200B300FD /* CardioTrackerTests.xctest */;
			productType = "com.apple.product-type.bundle.unit-test";
		};
		3DDA005622F24C25005C23B3 /* CardioTracker */ = {
			isa = PBXNativeTarget;
			buildConfigurationList = 3DDA006922F24C26005C23B3 /* Build configuration list for PBXNativeTarget "CardioTracker" */;
			buildPhases = (
				1F7C4E21DE2B5DB827D71005 /* [CP] Check Pods Manifest.lock */,
				3DDA005322F24C25005C23B3 /* Sources */,
				3DDA005422F24C25005C23B3 /* Frameworks */,
				3DDA005522F24C25005C23B3 /* Resources */,
				706E3B5D380C5104E1420DED /* [CP] Embed Pods Frameworks */,
			);
			buildRules = (
			);
			dependencies = (
			);
			name = CardioTracker;
			productName = CardioTracker;
			productReference = 3DDA005722F24C25005C23B3 /* CardioTracker.app */;
			productType = "com.apple.product-type.application";
		};
/* End PBXNativeTarget section */

/* Begin PBXProject section */
		3DDA004F22F24C25005C23B3 /* Project object */ = {
			isa = PBXProject;
			attributes = {
				LastSwiftUpdateCheck = 1030;
				LastUpgradeCheck = 1030;
				ORGANIZATIONNAME = "Vaka Johannesdottir";
				TargetAttributes = {
					3DA734B523087F1200B300FD = {
						CreatedOnToolsVersion = 10.3;
						TestTargetID = 3DDA005622F24C25005C23B3;
					};
					3DDA005622F24C25005C23B3 = {
						CreatedOnToolsVersion = 10.3;
						SystemCapabilities = {
							com.apple.HealthKit = {
								enabled = 1;
							};
						};
					};
				};
			};
			buildConfigurationList = 3DDA005222F24C25005C23B3 /* Build configuration list for PBXProject "CardioTracker" */;
			compatibilityVersion = "Xcode 9.3";
			developmentRegion = en;
			hasScannedForEncodings = 0;
			knownRegions = (
				en,
				Base,
			);
			mainGroup = 3DDA004E22F24C25005C23B3;
			productRefGroup = 3DDA005822F24C25005C23B3 /* Products */;
			projectDirPath = "";
			projectRoot = "";
			targets = (
				3DDA005622F24C25005C23B3 /* CardioTracker */,
				3DA734B523087F1200B300FD /* CardioTrackerTests */,
			);
		};
/* End PBXProject section */

/* Begin PBXResourcesBuildPhase section */
		3DA734B423087F1200B300FD /* Resources */ = {
			isa = PBXResourcesBuildPhase;
			buildActionMask = 2147483647;
			files = (
			);
			runOnlyForDeploymentPostprocessing = 0;
		};
		3DDA005522F24C25005C23B3 /* Resources */ = {
			isa = PBXResourcesBuildPhase;
			buildActionMask = 2147483647;
			files = (
				3DDA006522F24C26005C23B3 /* LaunchScreen.storyboard in Resources */,
				3DDA007D22F33D11005C23B3 /* Default-568h@2x.png in Resources */,
				3DDA007922F2DBFD005C23B3 /* SF-Compact-Display-Semibold.otf in Resources */,
				3DDB60A822FCE24300B5156A /* SukhumvitSet-SemiBol.ttf in Resources */,
				3DDB60A722FCE24300B5156A /* SukhumvitSet-Light.ttf in Resources */,
				3DDA007822F2DBFB005C23B3 /* SF-Compact-Display-Medium.otf in Resources */,
				3DDA007722F2DBF9005C23B3 /* SF-Compact-Display-Light.otf in Resources */,
				3DDA006222F24C26005C23B3 /* Assets.xcassets in Resources */,
				3DDA006022F24C25005C23B3 /* Main.storyboard in Resources */,
			);
			runOnlyForDeploymentPostprocessing = 0;
		};
/* End PBXResourcesBuildPhase section */

/* Begin PBXShellScriptBuildPhase section */
		1F7C4E21DE2B5DB827D71005 /* [CP] Check Pods Manifest.lock */ = {
			isa = PBXShellScriptBuildPhase;
			buildActionMask = 2147483647;
			files = (
			);
			inputFileListPaths = (
			);
			inputPaths = (
				"${PODS_PODFILE_DIR_PATH}/Podfile.lock",
				"${PODS_ROOT}/Manifest.lock",
			);
			name = "[CP] Check Pods Manifest.lock";
			outputFileListPaths = (
			);
			outputPaths = (
				"$(DERIVED_FILE_DIR)/Pods-CardioTracker-checkManifestLockResult.txt",
			);
			runOnlyForDeploymentPostprocessing = 0;
			shellPath = /bin/sh;
			shellScript = "diff \"${PODS_PODFILE_DIR_PATH}/Podfile.lock\" \"${PODS_ROOT}/Manifest.lock\" > /dev/null\nif [ $? != 0 ] ; then\n    # print error to STDERR\n    echo \"error: The sandbox is not in sync with the Podfile.lock. Run 'pod install' or update your CocoaPods installation.\" >&2\n    exit 1\nfi\n# This output is used by Xcode 'outputs' to avoid re-running this script phase.\necho \"SUCCESS\" > \"${SCRIPT_OUTPUT_FILE_0}\"\n";
			showEnvVarsInLog = 0;
		};
		706E3B5D380C5104E1420DED /* [CP] Embed Pods Frameworks */ = {
			isa = PBXShellScriptBuildPhase;
			buildActionMask = 2147483647;
			files = (
			);
			inputFileListPaths = (
				"${PODS_ROOT}/Target Support Files/Pods-CardioTracker/Pods-CardioTracker-frameworks-${CONFIGURATION}-input-files.xcfilelist",
			);
			name = "[CP] Embed Pods Frameworks";
			outputFileListPaths = (
				"${PODS_ROOT}/Target Support Files/Pods-CardioTracker/Pods-CardioTracker-frameworks-${CONFIGURATION}-output-files.xcfilelist",
			);
			runOnlyForDeploymentPostprocessing = 0;
			shellPath = /bin/sh;
			shellScript = "\"${PODS_ROOT}/Target Support Files/Pods-CardioTracker/Pods-CardioTracker-frameworks.sh\"\n";
			showEnvVarsInLog = 0;
		};
		B11439AAA5EF687A6BB31B80 /* [CP] Embed Pods Frameworks */ = {
			isa = PBXShellScriptBuildPhase;
			buildActionMask = 2147483647;
			files = (
			);
			inputFileListPaths = (
				"${PODS_ROOT}/Target Support Files/Pods-CardioTrackerTests/Pods-CardioTrackerTests-frameworks-${CONFIGURATION}-input-files.xcfilelist",
			);
			name = "[CP] Embed Pods Frameworks";
			outputFileListPaths = (
				"${PODS_ROOT}/Target Support Files/Pods-CardioTrackerTests/Pods-CardioTrackerTests-frameworks-${CONFIGURATION}-output-files.xcfilelist",
			);
			runOnlyForDeploymentPostprocessing = 0;
			shellPath = /bin/sh;
			shellScript = "\"${PODS_ROOT}/Target Support Files/Pods-CardioTrackerTests/Pods-CardioTrackerTests-frameworks.sh\"\n";
			showEnvVarsInLog = 0;
		};
		FC46B77FD815F76716B09FB7 /* [CP] Check Pods Manifest.lock */ = {
			isa = PBXShellScriptBuildPhase;
			buildActionMask = 2147483647;
			files = (
			);
			inputFileListPaths = (
			);
			inputPaths = (
				"${PODS_PODFILE_DIR_PATH}/Podfile.lock",
				"${PODS_ROOT}/Manifest.lock",
			);
			name = "[CP] Check Pods Manifest.lock";
			outputFileListPaths = (
			);
			outputPaths = (
				"$(DERIVED_FILE_DIR)/Pods-CardioTrackerTests-checkManifestLockResult.txt",
			);
			runOnlyForDeploymentPostprocessing = 0;
			shellPath = /bin/sh;
			shellScript = "diff \"${PODS_PODFILE_DIR_PATH}/Podfile.lock\" \"${PODS_ROOT}/Manifest.lock\" > /dev/null\nif [ $? != 0 ] ; then\n    # print error to STDERR\n    echo \"error: The sandbox is not in sync with the Podfile.lock. Run 'pod install' or update your CocoaPods installation.\" >&2\n    exit 1\nfi\n# This output is used by Xcode 'outputs' to avoid re-running this script phase.\necho \"SUCCESS\" > \"${SCRIPT_OUTPUT_FILE_0}\"\n";
			showEnvVarsInLog = 0;
		};
/* End PBXShellScriptBuildPhase section */

/* Begin PBXSourcesBuildPhase section */
		3DA734B223087F1200B300FD /* Sources */ = {
			isa = PBXSourcesBuildPhase;
			buildActionMask = 2147483647;
			files = (
				3DA734B923087F1200B300FD /* CardioTrackerTests.swift in Sources */,
			);
			runOnlyForDeploymentPostprocessing = 0;
		};
		3DDA005322F24C25005C23B3 /* Sources */ = {
			isa = PBXSourcesBuildPhase;
			buildActionMask = 2147483647;
			files = (
				3DDA007F22F42897005C23B3 /* GenderViewController.swift in Sources */,
				3DDA008322F87272005C23B3 /* EthnicityViewController.swift in Sources */,
				3DFBBAF5230AD08D0003FC39 /* ProfileDataStore.swift in Sources */,
				3D08D4CC231687530093A577 /* DisclaimerViewController.swift in Sources */,
				3DDA005D22F24C25005C23B3 /* WelcomeViewController.swift in Sources */,
				3DDB609622FAC7AD00B5156A /* ConditionsViewController.swift in Sources */,
				3DDB609C22FAFBEF00B5156A /* UnknownCholesterolViewController.swift in Sources */,
				3DFBBAFC230B4C4D0003FC39 /* ProfileViewController.swift in Sources */,
				3DDB60A022FB073C00B5156A /* UnknownSystolicBpViewController.swift in Sources */,
				3DDB60AA22FD7A4300B5156A /* CalculatedRiskViewController.swift in Sources */,
				3DDB609A22FAE75C00B5156A /* CholesterolViewController.swift in Sources */,
				3DDA008122F454D7005C23B3 /* AgeViewController.swift in Sources */,
				3DFBBAEF230AB5820003FC39 /* HealthKitSetupAssistant.swift in Sources */,
				3DDB60A222FB074B00B5156A /* BmiIndexViewController.swift in Sources */,
				3D859DDD231288340014AD2B /* MainNavicationViewController.swift in Sources */,
				3DDB609E22FB022D00B5156A /* SystolicBpViewController.swift in Sources */,
				3DFBBAFA230B0C910003FC39 /* UserHealthProfile.swift in Sources */,
				3D859DD123104F700014AD2B /* ConnectViewController.swift in Sources */,
				3DDA008722F9A700005C23B3 /* DiabetesViewController.swift in Sources */,
				3DDA005B22F24C25005C23B3 /* AppDelegate.swift in Sources */,
				3D859DD3231074240014AD2B /* TrackingViewController.swift in Sources */,
				3DDB609822FADE7800B5156A /* MedicationViewController.swift in Sources */,
				3DDB609422F9B52400B5156A /* FamHistoryViewController.swift in Sources */,
				3DDB60A422FCDB3800B5156A /* RiskDataManager.swift in Sources */,
				3DDA008522F99291005C23B3 /* SmokingViewController.swift in Sources */,
			);
			runOnlyForDeploymentPostprocessing = 0;
		};
/* End PBXSourcesBuildPhase section */

/* Begin PBXTargetDependency section */
		3DA734BC23087F1200B300FD /* PBXTargetDependency */ = {
			isa = PBXTargetDependency;
			target = 3DDA005622F24C25005C23B3 /* CardioTracker */;
			targetProxy = 3DA734BB23087F1200B300FD /* PBXContainerItemProxy */;
		};
/* End PBXTargetDependency section */

/* Begin PBXVariantGroup section */
		3DDA005E22F24C25005C23B3 /* Main.storyboard */ = {
			isa = PBXVariantGroup;
			children = (
				3DDA005F22F24C25005C23B3 /* Base */,
			);
			name = Main.storyboard;
			sourceTree = "<group>";
		};
		3DDA006322F24C26005C23B3 /* LaunchScreen.storyboard */ = {
			isa = PBXVariantGroup;
			children = (
				3DDA006422F24C26005C23B3 /* Base */,
			);
			name = LaunchScreen.storyboard;
			sourceTree = "<group>";
		};
/* End PBXVariantGroup section */

/* Begin XCBuildConfiguration section */
		3DA734BD23087F1200B300FD /* Debug */ = {
			isa = XCBuildConfiguration;
			baseConfigurationReference = F156480CE7544A279F480731 /* Pods-CardioTrackerTests.debug.xcconfig */;
			buildSettings = {
				BUNDLE_LOADER = "$(TEST_HOST)";
				CODE_SIGN_STYLE = Automatic;
				DEVELOPMENT_TEAM = 9523M867TQ;
				INFOPLIST_FILE = CardioTrackerTests/Info.plist;
				LD_RUNPATH_SEARCH_PATHS = (
					"$(inherited)",
					"@executable_path/Frameworks",
					"@loader_path/Frameworks",
				);
				PRODUCT_BUNDLE_IDENTIFIER = vaka12345.CardioTrackerTests;
				PRODUCT_NAME = "$(TARGET_NAME)";
				SWIFT_VERSION = 5.0;
				TARGETED_DEVICE_FAMILY = "1,2";
				TEST_HOST = "$(BUILT_PRODUCTS_DIR)/CardioTracker.app/CardioTracker";
			};
			name = Debug;
		};
		3DA734BE23087F1200B300FD /* Release */ = {
			isa = XCBuildConfiguration;
			baseConfigurationReference = B346DBCEDB5EDEF9C432E945 /* Pods-CardioTrackerTests.release.xcconfig */;
			buildSettings = {
				BUNDLE_LOADER = "$(TEST_HOST)";
				CODE_SIGN_STYLE = Automatic;
				DEVELOPMENT_TEAM = 9523M867TQ;
				INFOPLIST_FILE = CardioTrackerTests/Info.plist;
				LD_RUNPATH_SEARCH_PATHS = (
					"$(inherited)",
					"@executable_path/Frameworks",
					"@loader_path/Frameworks",
				);
				PRODUCT_BUNDLE_IDENTIFIER = vaka12345.CardioTrackerTests;
				PRODUCT_NAME = "$(TARGET_NAME)";
				SWIFT_VERSION = 5.0;
				TARGETED_DEVICE_FAMILY = "1,2";
				TEST_HOST = "$(BUILT_PRODUCTS_DIR)/CardioTracker.app/CardioTracker";
			};
			name = Release;
		};
		3DDA006722F24C26005C23B3 /* Debug */ = {
			isa = XCBuildConfiguration;
			buildSettings = {
				ALWAYS_SEARCH_USER_PATHS = NO;
				CLANG_ANALYZER_NONNULL = YES;
				CLANG_ANALYZER_NUMBER_OBJECT_CONVERSION = YES_AGGRESSIVE;
				CLANG_CXX_LANGUAGE_STANDARD = "gnu++14";
				CLANG_CXX_LIBRARY = "libc++";
				CLANG_ENABLE_MODULES = YES;
				CLANG_ENABLE_OBJC_ARC = YES;
				CLANG_ENABLE_OBJC_WEAK = YES;
				CLANG_WARN_BLOCK_CAPTURE_AUTORELEASING = YES;
				CLANG_WARN_BOOL_CONVERSION = YES;
				CLANG_WARN_COMMA = YES;
				CLANG_WARN_CONSTANT_CONVERSION = YES;
				CLANG_WARN_DEPRECATED_OBJC_IMPLEMENTATIONS = YES;
				CLANG_WARN_DIRECT_OBJC_ISA_USAGE = YES_ERROR;
				CLANG_WARN_DOCUMENTATION_COMMENTS = YES;
				CLANG_WARN_EMPTY_BODY = YES;
				CLANG_WARN_ENUM_CONVERSION = YES;
				CLANG_WARN_INFINITE_RECURSION = YES;
				CLANG_WARN_INT_CONVERSION = YES;
				CLANG_WARN_NON_LITERAL_NULL_CONVERSION = YES;
				CLANG_WARN_OBJC_IMPLICIT_RETAIN_SELF = YES;
				CLANG_WARN_OBJC_LITERAL_CONVERSION = YES;
				CLANG_WARN_OBJC_ROOT_CLASS = YES_ERROR;
				CLANG_WARN_RANGE_LOOP_ANALYSIS = YES;
				CLANG_WARN_STRICT_PROTOTYPES = YES;
				CLANG_WARN_SUSPICIOUS_MOVE = YES;
				CLANG_WARN_UNGUARDED_AVAILABILITY = YES_AGGRESSIVE;
				CLANG_WARN_UNREACHABLE_CODE = YES;
				CLANG_WARN__DUPLICATE_METHOD_MATCH = YES;
				CODE_SIGN_IDENTITY = "iPhone Developer";
				COPY_PHASE_STRIP = NO;
				DEBUG_INFORMATION_FORMAT = dwarf;
				ENABLE_STRICT_OBJC_MSGSEND = YES;
				ENABLE_TESTABILITY = YES;
				GCC_C_LANGUAGE_STANDARD = gnu11;
				GCC_DYNAMIC_NO_PIC = NO;
				GCC_NO_COMMON_BLOCKS = YES;
				GCC_OPTIMIZATION_LEVEL = 0;
				GCC_PREPROCESSOR_DEFINITIONS = (
					"DEBUG=1",
					"$(inherited)",
				);
				GCC_WARN_64_TO_32_BIT_CONVERSION = YES;
				GCC_WARN_ABOUT_RETURN_TYPE = YES_ERROR;
				GCC_WARN_UNDECLARED_SELECTOR = YES;
				GCC_WARN_UNINITIALIZED_AUTOS = YES_AGGRESSIVE;
				GCC_WARN_UNUSED_FUNCTION = YES;
				GCC_WARN_UNUSED_VARIABLE = YES;
				IPHONEOS_DEPLOYMENT_TARGET = 12.4;
				MTL_ENABLE_DEBUG_INFO = INCLUDE_SOURCE;
				MTL_FAST_MATH = YES;
				ONLY_ACTIVE_ARCH = YES;
				SDKROOT = iphoneos;
				SWIFT_ACTIVE_COMPILATION_CONDITIONS = DEBUG;
				SWIFT_OPTIMIZATION_LEVEL = "-Onone";
			};
			name = Debug;
		};
		3DDA006822F24C26005C23B3 /* Release */ = {
			isa = XCBuildConfiguration;
			buildSettings = {
				ALWAYS_SEARCH_USER_PATHS = NO;
				CLANG_ANALYZER_NONNULL = YES;
				CLANG_ANALYZER_NUMBER_OBJECT_CONVERSION = YES_AGGRESSIVE;
				CLANG_CXX_LANGUAGE_STANDARD = "gnu++14";
				CLANG_CXX_LIBRARY = "libc++";
				CLANG_ENABLE_MODULES = YES;
				CLANG_ENABLE_OBJC_ARC = YES;
				CLANG_ENABLE_OBJC_WEAK = YES;
				CLANG_WARN_BLOCK_CAPTURE_AUTORELEASING = YES;
				CLANG_WARN_BOOL_CONVERSION = YES;
				CLANG_WARN_COMMA = YES;
				CLANG_WARN_CONSTANT_CONVERSION = YES;
				CLANG_WARN_DEPRECATED_OBJC_IMPLEMENTATIONS = YES;
				CLANG_WARN_DIRECT_OBJC_ISA_USAGE = YES_ERROR;
				CLANG_WARN_DOCUMENTATION_COMMENTS = YES;
				CLANG_WARN_EMPTY_BODY = YES;
				CLANG_WARN_ENUM_CONVERSION = YES;
				CLANG_WARN_INFINITE_RECURSION = YES;
				CLANG_WARN_INT_CONVERSION = YES;
				CLANG_WARN_NON_LITERAL_NULL_CONVERSION = YES;
				CLANG_WARN_OBJC_IMPLICIT_RETAIN_SELF = YES;
				CLANG_WARN_OBJC_LITERAL_CONVERSION = YES;
				CLANG_WARN_OBJC_ROOT_CLASS = YES_ERROR;
				CLANG_WARN_RANGE_LOOP_ANALYSIS = YES;
				CLANG_WARN_STRICT_PROTOTYPES = YES;
				CLANG_WARN_SUSPICIOUS_MOVE = YES;
				CLANG_WARN_UNGUARDED_AVAILABILITY = YES_AGGRESSIVE;
				CLANG_WARN_UNREACHABLE_CODE = YES;
				CLANG_WARN__DUPLICATE_METHOD_MATCH = YES;
				CODE_SIGN_IDENTITY = "iPhone Developer";
				COPY_PHASE_STRIP = NO;
				DEBUG_INFORMATION_FORMAT = "dwarf-with-dsym";
				ENABLE_NS_ASSERTIONS = NO;
				ENABLE_STRICT_OBJC_MSGSEND = YES;
				GCC_C_LANGUAGE_STANDARD = gnu11;
				GCC_NO_COMMON_BLOCKS = YES;
				GCC_WARN_64_TO_32_BIT_CONVERSION = YES;
				GCC_WARN_ABOUT_RETURN_TYPE = YES_ERROR;
				GCC_WARN_UNDECLARED_SELECTOR = YES;
				GCC_WARN_UNINITIALIZED_AUTOS = YES_AGGRESSIVE;
				GCC_WARN_UNUSED_FUNCTION = YES;
				GCC_WARN_UNUSED_VARIABLE = YES;
				IPHONEOS_DEPLOYMENT_TARGET = 12.4;
				MTL_ENABLE_DEBUG_INFO = NO;
				MTL_FAST_MATH = YES;
				SDKROOT = iphoneos;
				SWIFT_COMPILATION_MODE = wholemodule;
				SWIFT_OPTIMIZATION_LEVEL = "-O";
				VALIDATE_PRODUCT = YES;
			};
			name = Release;
		};
		3DDA006A22F24C26005C23B3 /* Debug */ = {
			isa = XCBuildConfiguration;
			baseConfigurationReference = F97906D0DF8D6BDFD891F95E /* Pods-CardioTracker.debug.xcconfig */;
			buildSettings = {
				ASSETCATALOG_COMPILER_APPICON_NAME = AppIcon;
				CODE_SIGN_ENTITLEMENTS = CardioTracker/CardioTracker.entitlements;
				CODE_SIGN_STYLE = Automatic;
				DEVELOPMENT_TEAM = R83X8L83BC;
				INFOPLIST_FILE = CardioTracker/Info.plist;
				LD_RUNPATH_SEARCH_PATHS = (
					"$(inherited)",
					"@executable_path/Frameworks",
				);
				PRODUCT_BUNDLE_IDENTIFIER = vakavaka.CardioTracker;
				PRODUCT_NAME = "$(TARGET_NAME)";
				SWIFT_VERSION = 5.0;
				TARGETED_DEVICE_FAMILY = "1,2";
			};
			name = Debug;
		};
		3DDA006B22F24C26005C23B3 /* Release */ = {
			isa = XCBuildConfiguration;
			baseConfigurationReference = 5E296106A1824ACE7A7E82B5 /* Pods-CardioTracker.release.xcconfig */;
			buildSettings = {
				ASSETCATALOG_COMPILER_APPICON_NAME = AppIcon;
				CODE_SIGN_ENTITLEMENTS = CardioTracker/CardioTracker.entitlements;
				CODE_SIGN_STYLE = Automatic;
				DEVELOPMENT_TEAM = R83X8L83BC;
				INFOPLIST_FILE = CardioTracker/Info.plist;
				LD_RUNPATH_SEARCH_PATHS = (
					"$(inherited)",
					"@executable_path/Frameworks",
				);
				PRODUCT_BUNDLE_IDENTIFIER = vakavaka.CardioTracker;
				PRODUCT_NAME = "$(TARGET_NAME)";
				SWIFT_VERSION = 5.0;
				TARGETED_DEVICE_FAMILY = "1,2";
			};
			name = Release;
		};
/* End XCBuildConfiguration section */

/* Begin XCConfigurationList section */
		3DA734BF23087F1200B300FD /* Build configuration list for PBXNativeTarget "CardioTrackerTests" */ = {
			isa = XCConfigurationList;
			buildConfigurations = (
				3DA734BD23087F1200B300FD /* Debug */,
				3DA734BE23087F1200B300FD /* Release */,
			);
			defaultConfigurationIsVisible = 0;
			defaultConfigurationName = Release;
		};
		3DDA005222F24C25005C23B3 /* Build configuration list for PBXProject "CardioTracker" */ = {
			isa = XCConfigurationList;
			buildConfigurations = (
				3DDA006722F24C26005C23B3 /* Debug */,
				3DDA006822F24C26005C23B3 /* Release */,
			);
			defaultConfigurationIsVisible = 0;
			defaultConfigurationName = Release;
		};
		3DDA006922F24C26005C23B3 /* Build configuration list for PBXNativeTarget "CardioTracker" */ = {
			isa = XCConfigurationList;
			buildConfigurations = (
				3DDA006A22F24C26005C23B3 /* Debug */,
				3DDA006B22F24C26005C23B3 /* Release */,
			);
			defaultConfigurationIsVisible = 0;
			defaultConfigurationName = Release;
		};
/* End XCConfigurationList section */
	};
	rootObject = 3DDA004F22F24C25005C23B3 /* Project object */;
}
